<<<<<<< HEAD
﻿
Microsoft Visual Studio Solution File, Format Version 12.00
# Visual Studio Version 17
VisualStudioVersion = 17.14.37614.0
MinimumVisualStudioVersion = 10.0.40219.1
Project("{FAE04EC0-301F-11D3-BF4B-00C04F79EFBC}") = "ApotekApp", "ApotekApp.csproj", "{48F4C1DC-CE27-4905-917F-03A8263D0B2B}"
EndProject
Project("{2150E333-8FDC-42A3-9474-1A3956D46DE8}") = "Solution Items", "Solution Items", "{8EC462FD-D22E-90A8-E5CE-7E832BA40C5D}"
	ProjectSection(SolutionItems) = preProject
		TextFile1.txt = TextFile1.txt
		XMLFile1.xml = XMLFile1.xml
	EndProjectSection
EndProject
Global
	GlobalSection(SolutionConfigurationPlatforms) = preSolution
		Debug|Any CPU = Debug|Any CPU
		Release|Any CPU = Release|Any CPU
	EndGlobalSection
	GlobalSection(ProjectConfigurationPlatforms) = postSolution
		{48F4C1DC-CE27-4905-917F-03A8263D0B2B}.Debug|Any CPU.ActiveCfg = Debug|Any CPU
		{48F4C1DC-CE27-4905-917F-03A8263D0B2B}.Debug|Any CPU.Build.0 = Debug|Any CPU
		{48F4C1DC-CE27-4905-917F-03A8263D0B2B}.Debug|Any CPU.Deploy.0 = Debug|Any CPU
		{48F4C1DC-CE27-4905-917F-03A8263D0B2B}.Release|Any CPU.ActiveCfg = Release|Any CPU
		{48F4C1DC-CE27-4905-917F-03A8263D0B2B}.Release|Any CPU.Build.0 = Release|Any CPU
		{48F4C1DC-CE27-4905-917F-03A8263D0B2B}.Release|Any CPU.Deploy.0 = Release|Any CPU
	EndGlobalSection
	GlobalSection(SolutionProperties) = preSolution
		HideSolutionNode = FALSE
	EndGlobalSection
	GlobalSection(ExtensibilityGlobals) = postSolution
		SolutionGuid = {AAFB8ADF-A189-429E-93DB-0906A4EBFA29}
	EndGlobalSection
EndGlobal
=======
﻿
Microsoft Visual Studio Solution File, Format Version 12.00
# Visual Studio Version 17
VisualStudioVersion = 17.14.37614.0
MinimumVisualStudioVersion = 10.0.40219.1
Project("{FAE04EC0-301F-11D3-BF4B-00C04F79EFBC}") = "ApotekApp", "ApotekApp.csproj", "{48F4C1DC-CE27-4905-917F-03A8263D0B2B}"
EndProject
Project("{2150E333-8FDC-42A3-9474-1A3956D46DE8}") = "Solution Items", "Solution Items", "{8EC462FD-D22E-90A8-E5CE-7E832BA40C5D}"
	ProjectSection(SolutionItems) = preProject
		TextFile1.txt = TextFile1.txt
		XMLFile1.xml = XMLFile1.xml
	EndProjectSection
EndProject
Global
	GlobalSection(SolutionConfigurationPlatforms) = preSolution
		Debug|Any CPU = Debug|Any CPU
		Release|Any CPU = Release|Any CPU
	EndGlobalSection
	GlobalSection(ProjectConfigurationPlatforms) = postSolution
		{48F4C1DC-CE27-4905-917F-03A8263D0B2B}.Debug|Any CPU.ActiveCfg = Debug|Any CPU
		{48F4C1DC-CE27-4905-917F-03A8263D0B2B}.Debug|Any CPU.Build.0 = Debug|Any CPU
		{48F4C1DC-CE27-4905-917F-03A8263D0B2B}.Debug|Any CPU.Deploy.0 = Debug|Any CPU
		{48F4C1DC-CE27-4905-917F-03A8263D0B2B}.Release|Any CPU.ActiveCfg = Release|Any CPU
		{48F4C1DC-CE27-4905-917F-03A8263D0B2B}.Release|Any CPU.Build.0 = Release|Any CPU
		{48F4C1DC-CE27-4905-917F-03A8263D0B2B}.Release|Any CPU.Deploy.0 = Release|Any CPU
	EndGlobalSection
	GlobalSection(SolutionProperties) = preSolution
		HideSolutionNode = FALSE
	EndGlobalSection
	GlobalSection(ExtensibilityGlobals) = postSolution
		SolutionGuid = {AAFB8ADF-A189-429E-93DB-0906A4EBFA29}
	EndGlobalSection
EndGlobal
>>>>>>> 7afaaf3961c1cd72c085b84ad7fb4cbabc40b75a
